github.com/go-compressions/lzfse v0.5.0 h1:r4eLxuzXc2C0LYlhhVmtEq0c+B31c53jcaa8UKLbMlk=
github.com/go-compressions/lzfse v0.5.0/go.mod h1:G4+MZUwHkfTSjCfJyRFJzTdNIy0v+JcehyxvWJTGBE4=
github.com/go-encryptions/xts v0.0.0-20261004234803-c570e92cfa9e h1:oZ3S0qTDPDFJCIrojiDKptVE9arpL1I3OnorqN+MpZQ=
github.com/go-encryptions/xts v0.0.0-20261004234803-c570e92cfa9e/go.mod h1:Ih1Wja84KCfK9hCIWucnjjE3h3kvJ/O3+WDPSiIwCKQ=
github.com/go-fde/apfs v0.0.0-20261006193148-936c990cb750 h1:JxmOi09xM0Z4cKl/nrLaduak+VQ4c7Or7z/DDW9j2UY=
github.com/go-fde/apfs v0.0.0-20261006193148-936c990cb750/go.mod h1:QyxSc03hgkw0JpzFn2GNOPeG3rig/hlFvrasGJ9TFpQ=
github.com/go-filesystems/interface v0.5.0 h1:AsbSXYG5cp497Ki0Ez88s8wwrVEmeRmFLd40T4d3UwA=
github.com/go-filesystems/interface v0.5.0/go.mod h1:u9v8mvapNV8djzObwCECdyd2g6JBU6HNTR4EAqxOn6U=
github.com/go-volumes/gpt v0.3.0 h1:ZA33VVlmlkA47fFY+BkFylsufqq1TBoASIuBmri+xsw=
github.com/go-volumes/gpt v0.3.0/go.mod h1:Dha6JL5/mGyDai8tWvZOPYn6pqe75NOtMRYGm3N4Qv8=
github.com/go-volumes/safeio v0.0.0-20261005011856-0ebc4afd6b14 h1:U1tu30vHRb7Mp4u9f2lYAmeNE1+1kJVdBv2mOndXvuI=
github.com/go-volumes/safeio v0.0.0-20261005011856-0ebc4afd6b14/go.mod h1:Xitv1BsPmFxrxxlkHNBZ4PIA+5lbf3F6N/+7ecsHFnY=
golang.org/x/crypto v0.58.0 h1:COkYLr4k7nDI4r6QtMML2AfzeIswWHAJthLS6K/M/54=
golang.org/x/crypto v0.58.0/go.mod h1:Xh+kl5A+M0gMiWDytH2Hhr5Z7WbNCpv/eB/EFgfSk+w=
golang.org/x/sys v0.49.0 h1:XbzkgYJHdqh/8m2Uu0W/dQv8nktxx4BFHp1M0gROTXA=
golang.org/x/sys v0.49.0/go.mod h1:hNLxWAXmnKAxqDtdwIYC4bM9oQPEecfsnNMuSxOs3og=
